GIT
  remote: https://github.com/joshk/jemalloc-rb.git
  revision: 8c9dbef98f6bd4f96b371ec336b7e0c4fdc02d49
  specs:
    jemalloc (1.4.5)

GIT
  remote: https://github.com/travis-ci/travis-exceptions.git
  revision: 71b11939f1f3b86d1e2fd94f3b9b8f78af290e12
  specs:
    travis-exceptions (0.0.2)
      sentry-raven

GIT
  remote: https://github.com/travis-ci/travis-lock.git
  revision: b418401c79e082aa53a62364f7b01a9be6f0d768
  specs:
    travis-lock (0.1.1)

GIT
  remote: https://github.com/travis-ci/travis-logger.git
  revision: b589e0ca0e9f1a5d6cd8536ff7288d21d36c7560
  specs:
    travis-logger (0.0.1)

GIT
  remote: https://github.com/travis-ci/travis-metrics.git
  revision: 37eac93bd1e9bd949a9842f28154c335ebeda42a
  specs:
    travis-metrics (0.0.1)
      metriks-librato_metrics (~> 1.0)

GEM
  remote: https://rubygems.org/
  specs:
    activesupport (5.0.2)
      concurrent-ruby (~> 1.0, >= 1.0.2)
      i18n (~> 0.7)
      minitest (~> 5.1)
      tzinfo (~> 1.1)
    amq-protocol (2.1.0)
    ast (2.3.0)
    atomic (1.1.99)
    avl_tree (1.2.1)
      atomic (~> 1.1)
    aws-sdk (2.9.7)
      aws-sdk-resources (= 2.9.7)
    aws-sdk-core (2.9.7)
      aws-sigv4 (~> 1.0)
      jmespath (~> 1.0)
    aws-sdk-resources (2.9.7)
      aws-sdk-core (= 2.9.7)
    aws-sigv4 (1.0.0)
    backports (3.7.0)
    bunny (2.6.4)
      amq-protocol (>= 2.0.1)
    coder (0.4.0)
    coderay (1.1.1)
    concurrent-ruby (1.0.5)
    connection_pool (2.2.1)
    dalli (2.7.6)
    diff-lcs (1.3)
    docile (1.1.5)
    faraday (0.12.0.1)
      multipart-post (>= 1.2, < 3)
    hashr (2.0.1)
    hitimes (1.2.4)
    httpclient (2.8.3)
    i18n (0.8.1)
    jmespath (1.3.1)
    json (2.0.4)
    jwt (1.5.6)
    method_source (0.8.2)
    metriks (0.9.9.7)
      atomic (~> 1.0)
      avl_tree (~> 1.2.0)
      hitimes (~> 1.1)
    metriks-librato_metrics (1.0.6)
      metriks (>= 0.9.9.6)
    minitest (5.10.1)
    multi_json (1.12.1)
    multipart-post (2.0.0)
    oj (2.18.5)
    parser (2.4.0.0)
      ast (~> 2.2)
    pg (0.20.0)
    powerpack (0.1.1)
    pry (0.10.4)
      coderay (~> 1.1.0)
      method_source (~> 0.8.1)
      slop (~> 3.4)
    puma (3.8.2)
    pusher (1.3.1)
      httpclient (~> 2.7)
      multi_json (~> 1.0)
      pusher-signature (~> 0.1.8)
    pusher-signature (0.1.8)
    rack (1.6.5)
    rack-protection (1.5.3)
      rack
    rack-ssl (1.4.1)
      rack
    rack-test (0.6.3)
      rack (>= 1.0)
    rainbow (2.2.1)
    rake (12.0.0)
    redis (3.3.3)
    redis-namespace (1.5.3)
      redis (~> 3.0, >= 3.0.4)
    redlock (0.2.0)
      redis (~> 3, >= 3.0.0)
    rspec (3.5.0)
      rspec-core (~> 3.5.0)
      rspec-expectations (~> 3.5.0)
      rspec-mocks (~> 3.5.0)
    rspec-core (3.5.4)
      rspec-support (~> 3.5.0)
    rspec-expectations (3.5.0)
      diff-lcs (>= 1.2.0, < 2.0)
      rspec-support (~> 3.5.0)
    rspec-mocks (3.5.0)
      diff-lcs (>= 1.2.0, < 2.0)
      rspec-support (~> 3.5.0)
    rspec-support (3.5.0)
    rubocop (0.48.1)
      parser (>= 2.3.3.1, < 3.0)
      powerpack (~> 0.1)
      rainbow (>= 1.99.1, < 3.0)
      ruby-progressbar (~> 1.7)
      unicode-display_width (~> 1.0, >= 1.0.1)
    ruby-progressbar (1.8.1)
    sentry-raven (2.4.0)
      faraday (>= 0.7.6, < 1.0)
    sequel (4.45.0)
    sidekiq (4.2.10)
      concurrent-ruby (~> 1.0)
      connection_pool (~> 2.2, >= 2.2.0)
      rack-protection (>= 1.5.0)
      redis (~> 3.2, >= 3.2.1)
    simplecov (0.14.1)
      docile (~> 1.1.0)
      json (>= 1.8, < 3)
      simplecov-html (~> 0.10.0)
    simplecov-html (0.10.0)
    sinatra (1.4.8)
      rack (~> 1.5)
      rack-protection (~> 1.4)
      tilt (>= 1.3, < 3)
    sinatra-contrib (1.4.7)
      backports (>= 2.0)
      multi_json
      rack-protection
      rack-test
      sinatra (~> 1.4.0)
      tilt (>= 1.3, < 3)
    sinatra-param (1.4.0)
      sinatra (~> 1.3)
    slop (3.6.0)
    thread_safe (0.3.6)
    tilt (2.0.7)
    travis-config (1.1.1)
      hashr (~> 2.0.0)
    tzinfo (1.2.3)
      thread_safe (~> 0.1)
    unicode-display_width (1.2.1)

PLATFORMS
  ruby

DEPENDENCIES
  activesupport
  aws-sdk
  bunny
  coder
  concurrent-ruby
  connection_pool
  dalli
  jemalloc!
  jwt
  metriks
  metriks-librato_metrics
  multi_json
  oj
  pg
  pry
  puma
  pusher
  rack-ssl
  rack-test
  rake
  redis-namespace
  redlock
  rspec
  rubocop
  sentry-raven
  sequel
  sidekiq
  simplecov
  sinatra
  sinatra-contrib
  sinatra-param
  travis-config
  travis-exceptions!
  travis-lock!
  travis-logger!
  travis-metrics!

BUNDLED WITH
   1.14.6
